
Microsoft Visual Studio Solution File, Format Version 12.00
# Visual Studio Version 17
VisualStudioVersion = 17.9.34728.123
MinimumVisualStudioVersion = 10.0.40219.1
Project("{FAE04EC0-301F-11D3-BF4B-00C04F79EFBC}") = "Formie", "Formie\Formie.csproj", "{49CE5339-BF9D-4262-A602-6A9D5A26406F}"
EndProject
Global
	GlobalSection(SolutionConfigurationPlatforms) = preSolution
		Debug|Any CPU = Debug|Any CPU
		Release|Any CPU = Release|Any CPU
	EndGlobalSection
	GlobalSection(ProjectConfigurationPlatforms) = postSolution
		{49CE5339-BF9D-4262-A602-6A9D5A26406F}.Debug|Any CPU.ActiveCfg = Debug|Any CPU
		{49CE5339-BF9D-4262-A602-6A9D5A26406F}.Debug|Any CPU.Build.0 = Debug|Any CPU
		{49CE5339-BF9D-4262-A602-6A9D5A26406F}.Release|Any CPU.ActiveCfg = Release|Any CPU
		{49CE5339-BF9D-4262-A602-6A9D5A26406F}.Release|Any CPU.Build.0 = Release|Any CPU
	EndGlobalSection
	GlobalSection(SolutionProperties) = preSolution
		HideSolutionNode = FALSE
	EndGlobalSection
	GlobalSection(ExtensibilityGlobals) = postSolution
		SolutionGuid = {4830D62D-A6BA-49C0-940E-E1D3E0F783B4}
	EndGlobalSection
EndGlobal
